// !$*UTF8*$!
{
	archiveVersion = 1;
	classes = {
	};
	objectVersion = 55;
	objects = {

/* Begin PBXBuildFile section */
		4981B75A291CF5A900AE497F /* SimpleBankTests.swift in Sources */ = {isa = PBXBuildFile; fileRef = 4981B759291CF5A900AE497F /* SimpleBankTests.swift */; };
		49A11D4E291E36F500A7307E /* TransactionsBlockView.swift in Sources */ = {isa = PBXBuildFile; fileRef = 49A11D4D291E36F500A7307E /* TransactionsBlockView.swift */; };
		49A11D52291E3EF300A7307E /* Color.swift in Sources */ = {isa = PBXBuildFile; fileRef = 49A11D51291E3EF300A7307E /* Color.swift */; };
		49B3C175291AC11500426145 /* Account.swift in Sources */ = {isa = PBXBuildFile; fileRef = 49B3C174291AC11500426145 /* Account.swift */; };
		49B3C177291B1AF800426145 /* Formating.swift in Sources */ = {isa = PBXBuildFile; fileRef = 49B3C176291B1AF800426145 /* Formating.swift */; };
		49D36F69291A4C80002CEF2F /* SimpleBankApp.swift in Sources */ = {isa = PBXBuildFile; fileRef = 49D36F68291A4C80002CEF2F /* SimpleBankApp.swift */; };
		49D36F6B291A4C80002CEF2F /* MainScreen.swift in Sources */ = {isa = PBXBuildFile; fileRef = 49D36F6A291A4C80002CEF2F /* MainScreen.swift */; };
		49D36F6D291A4C83002CEF2F /* Assets.xcassets in Resources */ = {isa = PBXBuildFile; fileRef = 49D36F6C291A4C83002CEF2F /* Assets.xcassets */; };
		49D36F70291A4C83002CEF2F /* Preview Assets.xcassets in Resources */ = {isa = PBXBuildFile; fileRef = 49D36F6F291A4C83002CEF2F /* Preview Assets.xcassets */; };
		49D36F7C291A4EE4002CEF2F /* Alamofire in Frameworks */ = {isa = PBXBuildFile; productRef = 49D36F7B291A4EE4002CEF2F /* Alamofire */; };
		49D36F80291A517D002CEF2F /* Double.swift in Sources */ = {isa = PBXBuildFile; fileRef = 49D36F7F291A517D002CEF2F /* Double.swift */; };
		49D36F83291A5AEB002CEF2F /* BalanceBlockView.swift in Sources */ = {isa = PBXBuildFile; fileRef = 49D36F82291A5AEB002CEF2F /* BalanceBlockView.swift */; };
		49FA1175291BC1C50043E560 /* Transaction.swift in Sources */ = {isa = PBXBuildFile; fileRef = 49FA1174291BC1C50043E560 /* Transaction.swift */; };
		49FA1177291BF41D0043E560 /* TransactionView.swift in Sources */ = {isa = PBXBuildFile; fileRef = 49FA1176291BF41C0043E560 /* TransactionView.swift */; };
/* End PBXBuildFile section */

/* Begin PBXContainerItemProxy section */
		4981B75B291CF5A900AE497F /* PBXContainerItemProxy */ = {
			isa = PBXContainerItemProxy;
			containerPortal = 49D36F5D291A4C80002CEF2F /* Project object */;
			proxyType = 1;
			remoteGlobalIDString = 49D36F64291A4C80002CEF2F;
			remoteInfo = SimpleBank;
		};
/* End PBXContainerItemProxy section */

/* Begin PBXFileReference section */
		4981B757291CF5A900AE497F /* SimpleBankTests.xctest */ = {isa = PBXFileReference; explicitFileType = wrapper.cfbundle; includeInIndex = 0; path = SimpleBankTests.xctest; sourceTree = BUILT_PRODUCTS_DIR; };
		4981B759291CF5A900AE497F /* SimpleBankTests.swift */ = {isa = PBXFileReference; lastKnownFileType = sourcecode.swift; path = SimpleBankTests.swift; sourceTree = "<group>"; };
		49A11D4D291E36F500A7307E /* TransactionsBlockView.swift */ = {isa = PBXFileReference; lastKnownFileType = sourcecode.swift; path = TransactionsBlockView.swift; sourceTree = "<group>"; };
		49A11D51291E3EF300A7307E /* Color.swift */ = {isa = PBXFileReference; lastKnownFileType = sourcecode.swift; path = Color.swift; sourceTree = "<group>"; };
		49B3C174291AC11500426145 /* Account.swift */ = {isa = PBXFileReference; lastKnownFileType = sourcecode.swift; path = Account.swift; sourceTree = "<group>"; };
		49B3C176291B1AF800426145 /* Formating.swift */ = {isa = PBXFileReference; lastKnownFileType = sourcecode.swift; path = Formating.swift; sourceTree = "<group>"; };
		49D36F65291A4C80002CEF2F /* SimpleBank.app */ = {isa = PBXFileReference; explicitFileType = wrapper.application; includeInIndex = 0; path = SimpleBank.app; sourceTree = BUILT_PRODUCTS_DIR; };
		49D36F68291A4C80002CEF2F /* SimpleBankApp.swift */ = {isa = PBXFileReference; lastKnownFileType = sourcecode.swift; path = SimpleBankApp.swift; sourceTree = "<group>"; };
		49D36F6A291A4C80002CEF2F /* MainScreen.swift */ = {isa = PBXFileReference; lastKnownFileType = sourcecode.swift; path = MainScreen.swift; sourceTree = "<group>"; };
		49D36F6C291A4C83002CEF2F /* Assets.xcassets */ = {isa = PBXFileReference; lastKnownFileType = folder.assetcatalog; path = Assets.xcassets; sourceTree = "<group>"; };
		49D36F6F291A4C83002CEF2F /* Preview Assets.xcassets */ = {isa = PBXFileReference; lastKnownFileType = folder.assetcatalog; path = "Preview Assets.xcassets"; sourceTree = "<group>"; };
		49D36F7F291A517D002CEF2F /* Double.swift */ = {isa = PBXFileReference; lastKnownFileType = sourcecode.swift; path = Double.swift; sourceTree = "<group>"; };
		49D36F82291A5AEB002CEF2F /* BalanceBlockView.swift */ = {isa = PBXFileReference; lastKnownFileType = sourcecode.swift; path = BalanceBlockView.swift; sourceTree = "<group>"; };
		49FA1174291BC1C50043E560 /* Transaction.swift */ = {isa = PBXFileReference; lastKnownFileType = sourcecode.swift; path = Transaction.swift; sourceTree = "<group>"; };
		49FA1176291BF41C0043E560 /* TransactionView.swift */ = {isa = PBXFileReference; lastKnownFileType = sourcecode.swift; path = TransactionView.swift; sourceTree = "<group>"; };
/* End PBXFileReference section */

/* Begin PBXFrameworksBuildPhase section */
		4981B754291CF5A900AE497F /* Frameworks */ = {
			isa = PBXFrameworksBuildPhase;
			buildActionMask = 2147483647;
			files = (
			);
			runOnlyForDeploymentPostprocessing = 0;
		};
		49D36F62291A4C80002CEF2F /* Frameworks */ = {
			isa = PBXFrameworksBuildPhase;
			buildActionMask = 2147483647;
			files = (
				49D36F7C291A4EE4002CEF2F /* Alamofire in Frameworks */,
			);
			runOnlyForDeploymentPostprocessing = 0;
		};
/* End PBXFrameworksBuildPhase section */

/* Begin PBXGroup section */
		4981B758291CF5A900AE497F /* SimpleBankTests */ = {
			isa = PBXGroup;
			children = (
				4981B759291CF5A900AE497F /* SimpleBankTests.swift */,
			);
			path = SimpleBankTests;
			sourceTree = "<group>";
		};
		49B3C173291AC0E000426145 /* Models */ = {
			isa = PBXGroup;
			children = (
				49B3C174291AC11500426145 /* Account.swift */,
				49B3C176291B1AF800426145 /* Formating.swift */,
				49FA1174291BC1C50043E560 /* Transaction.swift */,
			);
			path = Models;
			sourceTree = "<group>";
		};
		49D36F5C291A4C80002CEF2F = {
			isa = PBXGroup;
			children = (
				49D36F67291A4C80002CEF2F /* SimpleBank */,
				4981B758291CF5A900AE497F /* SimpleBankTests */,
				49D36F66291A4C80002CEF2F /* Products */,
			);
			sourceTree = "<group>";
		};
		49D36F66291A4C80002CEF2F /* Products */ = {
			isa = PBXGroup;
			children = (
				49D36F65291A4C80002CEF2F /* SimpleBank.app */,
				4981B757291CF5A900AE497F /* SimpleBankTests.xctest */,
			);
			name = Products;
			sourceTree = "<group>";
		};
		49D36F67291A4C80002CEF2F /* SimpleBank */ = {
			isa = PBXGroup;
			children = (
				49D36F68291A4C80002CEF2F /* SimpleBankApp.swift */,
				49D36F7D291A4F53002CEF2F /* Views */,
				49B3C173291AC0E000426145 /* Models */,
				49D36F7E291A5168002CEF2F /* Extentions */,
				49D36F6C291A4C83002CEF2F /* Assets.xcassets */,
				49D36F6E291A4C83002CEF2F /* Preview Content */,
			);
			path = SimpleBank;
			sourceTree = "<group>";
		};
		49D36F6E291A4C83002CEF2F /* Preview Content */ = {
			isa = PBXGroup;
			children = (
				49D36F6F291A4C83002CEF2F /* Preview Assets.xcassets */,
			);
			path = "Preview Content";
			sourceTree = "<group>";
		};
		49D36F7D291A4F53002CEF2F /* Views */ = {
			isa = PBXGroup;
			children = (
				49D36F81291A5AAB002CEF2F /* Blocks */,
				49D36F6A291A4C80002CEF2F /* MainScreen.swift */,
			);
			path = Views;
			sourceTree = "<group>";
		};
		49D36F7E291A5168002CEF2F /* Extentions */ = {
			isa = PBXGroup;
			children = (
				49D36F7F291A517D002CEF2F /* Double.swift */,
				49A11D51291E3EF300A7307E /* Color.swift */,
			);
			path = Extentions;
			sourceTree = "<group>";
		};
		49D36F81291A5AAB002CEF2F /* Blocks */ = {
			isa = PBXGroup;
			children = (
				49D36F82291A5AEB002CEF2F /* BalanceBlockView.swift */,
				49FA1176291BF41C0043E560 /* TransactionView.swift */,
				49A11D4D291E36F500A7307E /* TransactionsBlockView.swift */,
			);
			path = Blocks;
			sourceTree = "<group>";
		};
/* End PBXGroup section */

/* Begin PBXNativeTarget section */
		4981B756291CF5A900AE497F /* SimpleBankTests */ = {
			isa = PBXNativeTarget;
			buildConfigurationList = 4981B75F291CF5A900AE497F /* Build configuration list for PBXNativeTarget "SimpleBankTests" */;
			buildPhases = (
				4981B753291CF5A900AE497F /* Sources */,
				4981B754291CF5A900AE497F /* Frameworks */,
				4981B755291CF5A900AE497F /* Resources */,
			);
			buildRules = (
			);
			dependencies = (
				4981B75C291CF5A900AE497F /* PBXTargetDependency */,
			);
			name = SimpleBankTests;
			productName = SimpleBankTests;
			productReference = 4981B757291CF5A900AE497F /* SimpleBankTests.xctest */;
			productType = "com.apple.product-type.bundle.unit-test";
		};
		49D36F64291A4C80002CEF2F /* SimpleBank */ = {
			isa = PBXNativeTarget;
			buildConfigurationList = 49D36F73291A4C83002CEF2F /* Build configuration list for PBXNativeTarget "SimpleBank" */;
			buildPhases = (
				49D36F61291A4C80002CEF2F /* Sources */,
				49D36F62291A4C80002CEF2F /* Frameworks */,
				49D36F63291A4C80002CEF2F /* Resources */,
			);
			buildRules = (
			);
			dependencies = (
			);
			name = SimpleBank;
			packageProductDependencies = (
				49D36F7B291A4EE4002CEF2F /* Alamofire */,
			);
			productName = SimpleBank;
			productReference = 49D36F65291A4C80002CEF2F /* SimpleBank.app */;
			productType = "com.apple.product-type.application";
		};
/* End PBXNativeTarget section */

/* Begin PBXProject section */
		49D36F5D291A4C80002CEF2F /* Project object */ = {
			isa = PBXProject;
			attributes = {
				BuildIndependentTargetsInParallel = 1;
				LastSwiftUpdateCheck = 1410;
				LastUpgradeCheck = 1410;
				TargetAttributes = {
					4981B756291CF5A900AE497F = {
						CreatedOnToolsVersion = 14.1;
						TestTargetID = 49D36F64291A4C80002CEF2F;
					};
					49D36F64291A4C80002CEF2F = {
						CreatedOnToolsVersion = 14.1;
					};
				};
			};
			buildConfigurationList = 49D36F60291A4C80002CEF2F /* Build configuration list for PBXProject "SimpleBank" */;
			compatibilityVersion = "Xcode 13.0";
			developmentRegion = en;
			hasScannedForEncodings = 0;
			knownRegions = (
				en,
				Base,
			);
			mainGroup = 49D36F5C291A4C80002CEF2F;
			packageReferences = (
				49D36F7A291A4EE4002CEF2F /* XCRemoteSwiftPackageReference "Alamofire" */,
			);
			productRefGroup = 49D36F66291A4C80002CEF2F /* Products */;
			projectDirPath = "";
			projectRoot = "";
			targets = (
				49D36F64291A4C80002CEF2F /* SimpleBank */,
				4981B756291CF5A900AE497F /* SimpleBankTests */,
			);
		};
/* End PBXProject section */

/* Begin PBXResourcesBuildPhase section */
		4981B755291CF5A900AE497F /* Resources */ = {
			isa = PBXResourcesBuildPhase;
			buildActionMask = 2147483647;
			files = (
			);
			runOnlyForDeploymentPostprocessing = 0;
		};
		49D36F63291A4C80002CEF2F /* Resources */ = {
			isa = PBXResourcesBuildPhase;
			buildActionMask = 2147483647;
			files = (
				49D36F70291A4C83002CEF2F /* Preview Assets.xcassets in Resources */,
				49D36F6D291A4C83002CEF2F /* Assets.xcassets in Resources */,
			);
			runOnlyForDeploymentPostprocessing = 0;
		};
/* End PBXResourcesBuildPhase section */

/* Begin PBXSourcesBuildPhase section */
		4981B753291CF5A900AE497F /* Sources */ = {
			isa = PBXSourcesBuildPhase;
			buildActionMask = 2147483647;
			files = (
				4981B75A291CF5A900AE497F /* SimpleBankTests.swift in Sources */,
			);
			runOnlyForDeploymentPostprocessing = 0;
		};
		49D36F61291A4C80002CEF2F /* Sources */ = {
			isa = PBXSourcesBuildPhase;
			buildActionMask = 2147483647;
			files = (
				49A11D4E291E36F500A7307E /* TransactionsBlockView.swift in Sources */,
				49D36F6B291A4C80002CEF2F /* MainScreen.swift in Sources */,
				49D36F83291A5AEB002CEF2F /* BalanceBlockView.swift in Sources */,
				49A11D52291E3EF300A7307E /* Color.swift in Sources */,
				49FA1177291BF41D0043E560 /* TransactionView.swift in Sources */,
				49FA1175291BC1C50043E560 /* Transaction.swift in Sources */,
				49D36F80291A517D002CEF2F /* Double.swift in Sources */,
				49B3C175291AC11500426145 /* Account.swift in Sources */,
				49D36F69291A4C80002CEF2F /* SimpleBankApp.swift in Sources */,
				49B3C177291B1AF800426145 /* Formating.swift in Sources */,
			);
			runOnlyForDeploymentPostprocessing = 0;
		};
/* End PBXSourcesBuildPhase section */

/* Begin PBXTargetDependency section */
		4981B75C291CF5A900AE497F /* PBXTargetDependency */ = {
			isa = PBXTargetDependency;
			target = 49D36F64291A4C80002CEF2F /* SimpleBank */;
			targetProxy = 4981B75B291CF5A900AE497F /* PBXContainerItemProxy */;
		};
/* End PBXTargetDependency section */

/* Begin XCBuildConfiguration section */
		4981B75D291CF5A900AE497F /* Debug */ = {
			isa = XCBuildConfiguration;
			buildSettings = {
				BUNDLE_LOADER = "$(TEST_HOST)";
				CODE_SIGN_STYLE = Automatic;
				CURRENT_PROJECT_VERSION = 1;
				DEVELOPMENT_TEAM = G4PV26QJD2;
				GENERATE_INFOPLIST_FILE = YES;
				IPHONEOS_DEPLOYMENT_TARGET = 14.0;
				MARKETING_VERSION = 1.0;
				PRODUCT_BUNDLE_IDENTIFIER = com.gruzinov.SimpleBankTests;
				PRODUCT_NAME = "$(TARGET_NAME)";
				SUPPORTED_PLATFORMS = "iphoneos iphonesimulator";
				SUPPORTS_MACCATALYST = NO;
				SUPPORTS_MAC_DESIGNED_FOR_IPHONE_IPAD = NO;
				SWIFT_EMIT_LOC_STRINGS = NO;
				SWIFT_VERSION = 5.0;
				TARGETED_DEVICE_FAMILY = 1;
				TEST_HOST = "$(BUILT_PRODUCTS_DIR)/SimpleBank.app/SimpleBank";
			};
			name = Debug;
		};
		4981B75E291CF5A900AE497F /* Release */ = {
			isa = XCBuildConfiguration;
			buildSettings = {
				BUNDLE_LOADER = "$(TEST_HOST)";
				CODE_SIGN_STYLE = Automatic;
				CURRENT_PROJECT_VERSION = 1;
				DEVELOPMENT_TEAM = G4PV26QJD2;
				GENERATE_INFOPLIST_FILE = YES;
				IPHONEOS_DEPLOYMENT_TARGET = 14.0;
				MARKETING_VERSION = 1.0;
				PRODUCT_BUNDLE_IDENTIFIER = com.gruzinov.SimpleBankTests;
				PRODUCT_NAME = "$(TARGET_NAME)";
				SUPPORTED_PLATFORMS = "iphoneos iphonesimulator";
				SUPPORTS_MACCATALYST = NO;
				SUPPORTS_MAC_DESIGNED_FOR_IPHONE_IPAD = NO;
				SWIFT_EMIT_LOC_STRINGS = NO;
				SWIFT_VERSION = 5.0;
				TARGETED_DEVICE_FAMILY = 1;
				TEST_HOST = "$(BUILT_PRODUCTS_DIR)/SimpleBank.app/SimpleBank";
			};
			name = Release;
		};
		49D36F71291A4C83002CEF2F /* Debug */ = {
			isa = XCBuildConfiguration;
			buildSettings = {
				ALWAYS_SEARCH_USER_PATHS = NO;
				CLANG_ANALYZER_NONNULL = YES;
				CLANG_ANALYZER_NUMBER_OBJECT_CONVERSION = YES_AGGRESSIVE;
				CLANG_CXX_LANGUAGE_STANDARD = "gnu++20";
				CLANG_ENABLE_MODULES = YES;
				CLANG_ENABLE_OBJC_ARC = YES;
				CLANG_ENABLE_OBJC_WEAK = YES;
				CLANG_WARN_BLOCK_CAPTURE_AUTORELEASING = YES;
				CLANG_WARN_BOOL_CONVERSION = YES;
				CLANG_WARN_COMMA = YES;
				CLANG_WARN_CONSTANT_CONVERSION = YES;
				CLANG_WARN_DEPRECATED_OBJC_IMPLEMENTATIONS = YES;
				CLANG_WARN_DIRECT_OBJC_ISA_USAGE = YES_ERROR;
				CLANG_WARN_DOCUMENTATION_COMMENTS = YES;
				CLANG_WARN_EMPTY_BODY = YES;
				CLANG_WARN_ENUM_CONVERSION = YES;
				CLANG_WARN_INFINITE_RECURSION = YES;
				CLANG_WARN_INT_CONVERSION = YES;
				CLANG_WARN_NON_LITERAL_NULL_CONVERSION = YES;
				CLANG_WARN_OBJC_IMPLICIT_RETAIN_SELF = YES;
				CLANG_WARN_OBJC_LITERAL_CONVERSION = YES;
				CLANG_WARN_OBJC_ROOT_CLASS = YES_ERROR;
				CLANG_WARN_QUOTED_INCLUDE_IN_FRAMEWORK_HEADER = YES;
				CLANG_WARN_RANGE_LOOP_ANALYSIS = YES;
				CLANG_WARN_STRICT_PROTOTYPES = YES;
				CLANG_WARN_SUSPICIOUS_MOVE = YES;
				CLANG_WARN_UNGUARDED_AVAILABILITY = YES_AGGRESSIVE;
				CLANG_WARN_UNREACHABLE_CODE = YES;
				CLANG_WARN__DUPLICATE_METHOD_MATCH = YES;
				COPY_PHASE_STRIP = NO;
				DEBUG_INFORMATION_FORMAT = dwarf;
				ENABLE_STRICT_OBJC_MSGSEND = YES;
				ENABLE_TESTABILITY = YES;
				GCC_C_LANGUAGE_STANDARD = gnu11;
				GCC_DYNAMIC_NO_PIC = NO;
				GCC_NO_COMMON_BLOCKS = YES;
				GCC_OPTIMIZATION_LEVEL = 0;
				GCC_PREPROCESSOR_DEFINITIONS = (
					"DEBUG=1",
					"$(inherited)",
				);
				GCC_WARN_64_TO_32_BIT_CONVERSION = YES;
				GCC_WARN_ABOUT_RETURN_TYPE = YES_ERROR;
				GCC_WARN_UNDECLARED_SELECTOR = YES;
				GCC_WARN_UNINITIALIZED_AUTOS = YES_AGGRESSIVE;
				GCC_WARN_UNUSED_FUNCTION = YES;
				GCC_WARN_UNUSED_VARIABLE = YES;
				IPHONEOS_DEPLOYMENT_TARGET = 14.0;
				MTL_ENABLE_DEBUG_INFO = INCLUDE_SOURCE;
				MTL_FAST_MATH = YES;
				ONLY_ACTIVE_ARCH = YES;
				SDKROOT = iphoneos;
				SWIFT_ACTIVE_COMPILATION_CONDITIONS = DEBUG;
				SWIFT_OPTIMIZATION_LEVEL = "-Onone";
			};
			name = Debug;
		};
		49D36F72291A4C83002CEF2F /* Release */ = {
			isa = XCBuildConfiguration;
			buildSettings = {
				ALWAYS_SEARCH_USER_PATHS = NO;
				CLANG_ANALYZER_NONNULL = YES;
				CLANG_ANALYZER_NUMBER_OBJECT_CONVERSION = YES_AGGRESSIVE;
				CLANG_CXX_LANGUAGE_STANDARD = "gnu++20";
				CLANG_ENABLE_MODULES = YES;
				CLANG_ENABLE_OBJC_ARC = YES;
				CLANG_ENABLE_OBJC_WEAK = YES;
				CLANG_WARN_BLOCK_CAPTURE_AUTORELEASING = YES;
				CLANG_WARN_BOOL_CONVERSION = YES;
				CLANG_WARN_COMMA = YES;
				CLANG_WARN_CONSTANT_CONVERSION = YES;
				CLANG_WARN_DEPRECATED_OBJC_IMPLEMENTATIONS = YES;
				CLANG_WARN_DIRECT_OBJC_ISA_USAGE = YES_ERROR;
				CLANG_WARN_DOCUMENTATION_COMMENTS = YES;
				CLANG_WARN_EMPTY_BODY = YES;
				CLANG_WARN_ENUM_CONVERSION = YES;
				CLANG_WARN_INFINITE_RECURSION = YES;
				CLANG_WARN_INT_CONVERSION = YES;
				CLANG_WARN_NON_LITERAL_NULL_CONVERSION = YES;
				CLANG_WARN_OBJC_IMPLICIT_RETAIN_SELF = YES;
				CLANG_WARN_OBJC_LITERAL_CONVERSION = YES;
				CLANG_WARN_OBJC_ROOT_CLASS = YES_ERROR;
				CLANG_WARN_QUOTED_INCLUDE_IN_FRAMEWORK_HEADER = YES;
				CLANG_WARN_RANGE_LOOP_ANALYSIS = YES;
				CLANG_WARN_STRICT_PROTOTYPES = YES;
				CLANG_WARN_SUSPICIOUS_MOVE = YES;
				CLANG_WARN_UNGUARDED_AVAILABILITY = YES_AGGRESSIVE;
				CLANG_WARN_UNREACHABLE_CODE = YES;
				CLANG_WARN__DUPLICATE_METHOD_MATCH = YES;
				COPY_PHASE_STRIP = NO;
				DEBUG_INFORMATION_FORMAT = "dwarf-with-dsym";
				ENABLE_NS_ASSERTIONS = NO;
				ENABLE_STRICT_OBJC_MSGSEND = YES;
				GCC_C_LANGUAGE_STANDARD = gnu11;
				GCC_NO_COMMON_BLOCKS = YES;
				GCC_WARN_64_TO_32_BIT_CONVERSION = YES;
				GCC_WARN_ABOUT_RETURN_TYPE = YES_ERROR;
				GCC_WARN_UNDECLARED_SELECTOR = YES;
				GCC_WARN_UNINITIALIZED_AUTOS = YES_AGGRESSIVE;
				GCC_WARN_UNUSED_FUNCTION = YES;
				GCC_WARN_UNUSED_VARIABLE = YES;
				IPHONEOS_DEPLOYMENT_TARGET = 14.0;
				MTL_ENABLE_DEBUG_INFO = NO;
				MTL_FAST_MATH = YES;
				SDKROOT = iphoneos;
				SWIFT_COMPILATION_MODE = wholemodule;
				SWIFT_OPTIMIZATION_LEVEL = "-O";
				VALIDATE_PRODUCT = YES;
			};
			name = Release;
		};
		49D36F74291A4C83002CEF2F /* Debug */ = {
			isa = XCBuildConfiguration;
			buildSettings = {
				ASSETCATALOG_COMPILER_APPICON_NAME = AppIcon;
				ASSETCATALOG_COMPILER_GLOBAL_ACCENT_COLOR_NAME = AccentColor;
				CODE_SIGN_STYLE = Automatic;
				CURRENT_PROJECT_VERSION = 1;
				DEVELOPMENT_ASSET_PATHS = "\"SimpleBank/Preview Content\"";
				DEVELOPMENT_TEAM = G4PV26QJD2;
				ENABLE_PREVIEWS = YES;
				GENERATE_INFOPLIST_FILE = YES;
				INFOPLIST_KEY_UIApplicationSceneManifest_Generation = YES;
				INFOPLIST_KEY_UIApplicationSupportsIndirectInputEvents = YES;
				INFOPLIST_KEY_UILaunchScreen_Generation = YES;
				INFOPLIST_KEY_UISupportedInterfaceOrientations_iPad = "UIInterfaceOrientationPortrait UIInterfaceOrientationPortraitUpsideDown UIInterfaceOrientationLandscapeLeft UIInterfaceOrientationLandscapeRight";
				INFOPLIST_KEY_UISupportedInterfaceOrientations_iPhone = "UIInterfaceOrientationPortrait UIInterfaceOrientationLandscapeLeft UIInterfaceOrientationLandscapeRight";
				LD_RUNPATH_SEARCH_PATHS = (
					"$(inherited)",
					"@executable_path/Frameworks",
				);
				MARKETING_VERSION = 1.0;
				PRODUCT_BUNDLE_IDENTIFIER = com.gruzinov.SimpleBank;
				PRODUCT_NAME = "$(TARGET_NAME)";
				SUPPORTED_PLATFORMS = "iphoneos iphonesimulator";
				SUPPORTS_MACCATALYST = NO;
				SUPPORTS_MAC_DESIGNED_FOR_IPHONE_IPAD = NO;
				SWIFT_EMIT_LOC_STRINGS = YES;
				SWIFT_VERSION = 5.0;
				TARGETED_DEVICE_FAMILY = 1;
			};
			name = Debug;
		};
		49D36F75291A4C83002CEF2F /* Release */ = {
			isa = XCBuildConfiguration;
			buildSettings = {
				ASSETCATALOG_COMPILER_APPICON_NAME = AppIcon;
				ASSETCATALOG_COMPILER_GLOBAL_ACCENT_COLOR_NAME = AccentColor;
				CODE_SIGN_STYLE = Automatic;
				CURRENT_PROJECT_VERSION = 1;
				DEVELOPMENT_ASSET_PATHS = "\"SimpleBank/Preview Content\"";
				DEVELOPMENT_TEAM = G4PV26QJD2;
				ENABLE_PREVIEWS = YES;
				GENERATE_INFOPLIST_FILE = YES;
				INFOPLIST_KEY_UIApplicationSceneManifest_Generation = YES;
				INFOPLIST_KEY_UIApplicationSupportsIndirectInputEvents = YES;
				INFOPLIST_KEY_UILaunchScreen_Generation = YES;
				INFOPLIST_KEY_UISupportedInterfaceOrientations_iPad = "UIInterfaceOrientationPortrait UIInterfaceOrientationPortraitUpsideDown UIInterfaceOrientationLandscapeLeft UIInterfaceOrientationLandscapeRight";
				INFOPLIST_KEY_UISupportedInterfaceOrientations_iPhone = "UIInterfaceOrientationPortrait UIInterfaceOrientationLandscapeLeft UIInterfaceOrientationLandscapeRight";
				LD_RUNPATH_SEARCH_PATHS = (
					"$(inherited)",
					"@executable_path/Frameworks",
				);
				MARKETING_VERSION = 1.0;
				PRODUCT_BUNDLE_IDENTIFIER = com.gruzinov.SimpleBank;
				PRODUCT_NAME = "$(TARGET_NAME)";
				SUPPORTED_PLATFORMS = "iphoneos iphonesimulator";
				SUPPORTS_MACCATALYST = NO;
				SUPPORTS_MAC_DESIGNED_FOR_IPHONE_IPAD = NO;
				SWIFT_EMIT_LOC_STRINGS = YES;
				SWIFT_VERSION = 5.0;
				TARGETED_DEVICE_FAMILY = 1;
			};
			name = Release;
		};
/* End XCBuildConfiguration section */

/* Begin XCConfigurationList section */
		4981B75F291CF5A900AE497F /* Build configuration list for PBXNativeTarget "SimpleBankTests" */ = {
			isa = XCConfigurationList;
			buildConfigurations = (
				4981B75D291CF5A900AE497F /* Debug */,
				4981B75E291CF5A900AE497F /* Release */,
			);
			defaultConfigurationIsVisible = 0;
			defaultConfigurationName = Release;
		};
		49D36F60291A4C80002CEF2F /* Build configuration list for PBXProject "SimpleBank" */ = {
			isa = XCConfigurationList;
			buildConfigurations = (
				49D36F71291A4C83002CEF2F /* Debug */,
				49D36F72291A4C83002CEF2F /* Release */,
			);
			defaultConfigurationIsVisible = 0;
			defaultConfigurationName = Release;
		};
		49D36F73291A4C83002CEF2F /* Build configuration list for PBXNativeTarget "SimpleBank" */ = {
			isa = XCConfigurationList;
			buildConfigurations = (
				49D36F74291A4C83002CEF2F /* Debug */,
				49D36F75291A4C83002CEF2F /* Release */,
			);
			defaultConfigurationIsVisible = 0;
			defaultConfigurationName = Release;
		};
/* End XCConfigurationList section */

/* Begin XCRemoteSwiftPackageReference section */
		49D36F7A291A4EE4002CEF2F /* XCRemoteSwiftPackageReference "Alamofire" */ = {
			isa = XCRemoteSwiftPackageReference;
			repositoryURL = "https://github.com/Alamofire/Alamofire";
			requirement = {
				kind = upToNextMajorVersion;
				minimumVersion = 5.0.0;
			};
		};
/* End XCRemoteSwiftPackageReference section */

/* Begin XCSwiftPackageProductDependency section */
		49D36F7B291A4EE4002CEF2F /* Alamofire */ = {
			isa = XCSwiftPackageProductDependency;
			package = 49D36F7A291A4EE4002CEF2F /* XCRemoteSwiftPackageReference "Alamofire" */;
			productName = Alamofire;
		};
/* End XCSwiftPackageProductDependency section */
	};
	rootObject = 49D36F5D291A4C80002CEF2F /* Project object */;
}
